
Microsoft Visual Studio Solution File, Format Version 12.00
# Visual Studio Version 17
VisualStudioVersion = 17.3.32819.101
MinimumVisualStudioVersion = 10.0.40219.1
Project("{FAE04EC0-301F-11D3-BF4B-00C04F79EFBC}") = "LibraryWebApp", "LibraryWebApp.csproj", "{5C2857B6-D963-465D-B7B4-5470FF15C96E}"
EndProject
Global
	GlobalSection(SolutionConfigurationPlatforms) = preSolution
		Debug|Any CPU = Debug|Any CPU
		Release|Any CPU = Release|Any CPU
	EndGlobalSection
	GlobalSection(ProjectConfigurationPlatforms) = postSolution
		{5C2857B6-D963-465D-B7B4-5470FF15C96E}.Debug|Any CPU.ActiveCfg = Debug|Any CPU
		{5C2857B6-D963-465D-B7B4-5470FF15C96E}.Debug|Any CPU.Build.0 = Debug|Any CPU
		{5C2857B6-D963-465D-B7B4-5470FF15C96E}.Release|Any CPU.ActiveCfg = Release|Any CPU
		{5C2857B6-D963-465D-B7B4-5470FF15C96E}.Release|Any CPU.Build.0 = Release|Any CPU
	EndGlobalSection
	GlobalSection(SolutionProperties) = preSolution
		HideSolutionNode = FALSE
	EndGlobalSection
	GlobalSection(ExtensibilityGlobals) = postSolution
		SolutionGuid = {43CDE7AC-F8C6-4FE0-9671-19291EE987D6}
	EndGlobalSection
EndGlobal
